
Microsoft Visual Studio Solution File, Format Version 12.00
# Visual Studio 14
VisualStudioVersion = 14.0.25420.1
MinimumVisualStudioVersion = 10.0.40219.1
Project("{FAE04EC0-301F-11D3-BF4B-00C04F79EFBC}") = "Bankanwendung", "Bankanwendung\Bankanwendung.csproj", "{72EAC816-671A-48CB-BE4C-1EA22B4B6BBA}"
EndProject
Project("{FAE04EC0-301F-11D3-BF4B-00C04F79EFBC}") = "Andere_Bank_DLL_Assembly", "..\Andere_Bank_DLL_Assembly\Andere_Bank_DLL_Assembly\Andere_Bank_DLL_Assembly.csproj", "{0B406B4F-CE8E-47D0-9C30-560AD630A74A}"
EndProject
Global
	GlobalSection(SolutionConfigurationPlatforms) = preSolution
		Debug|Any CPU = Debug|Any CPU
		Debug|Win32 = Debug|Win32
		Debug|x64 = Debug|x64
		Debug|x86 = Debug|x86
		Release|Any CPU = Release|Any CPU
		Release|Win32 = Release|Win32
		Release|x64 = Release|x64
		Release|x86 = Release|x86
	EndGlobalSection
	GlobalSection(ProjectConfigurationPlatforms) = postSolution
		{72EAC816-671A-48CB-BE4C-1EA22B4B6BBA}.Debug|Any CPU.ActiveCfg = Debug|Any CPU
		{72EAC816-671A-48CB-BE4C-1EA22B4B6BBA}.Debug|Any CPU.Build.0 = Debug|Any CPU
		{72EAC816-671A-48CB-BE4C-1EA22B4B6BBA}.Debug|Win32.ActiveCfg = Debug|Any CPU
		{72EAC816-671A-48CB-BE4C-1EA22B4B6BBA}.Debug|Win32.Build.0 = Debug|Any CPU
		{72EAC816-671A-48CB-BE4C-1EA22B4B6BBA}.Debug|x64.ActiveCfg = Debug|Any CPU
		{72EAC816-671A-48CB-BE4C-1EA22B4B6BBA}.Debug|x64.Build.0 = Debug|Any CPU
		{72EAC816-671A-48CB-BE4C-1EA22B4B6BBA}.Debug|x86.ActiveCfg = Debug|Any CPU
		{72EAC816-671A-48CB-BE4C-1EA22B4B6BBA}.Debug|x86.Build.0 = Debug|Any CPU
		{72EAC816-671A-48CB-BE4C-1EA22B4B6BBA}.Release|Any CPU.ActiveCfg = Release|Any CPU
		{72EAC816-671A-48CB-BE4C-1EA22B4B6BBA}.Release|Any CPU.Build.0 = Release|Any CPU
		{72EAC816-671A-48CB-BE4C-1EA22B4B6BBA}.Release|Win32.ActiveCfg = Release|Any CPU
		{72EAC816-671A-48CB-BE4C-1EA22B4B6BBA}.Release|Win32.Build.0 = Release|Any CPU
		{72EAC816-671A-48CB-BE4C-1EA22B4B6BBA}.Release|x64.ActiveCfg = Release|Any CPU
		{72EAC816-671A-48CB-BE4C-1EA22B4B6BBA}.Release|x64.Build.0 = Release|Any CPU
		{72EAC816-671A-48CB-BE4C-1EA22B4B6BBA}.Release|x86.ActiveCfg = Release|Any CPU
		{72EAC816-671A-48CB-BE4C-1EA22B4B6BBA}.Release|x86.Build.0 = Release|Any CPU
		{0B406B4F-CE8E-47D0-9C30-560AD630A74A}.Debug|Any CPU.ActiveCfg = Debug|Any CPU
		{0B406B4F-CE8E-47D0-9C30-560AD630A74A}.Debug|Any CPU.Build.0 = Debug|Any CPU
		{0B406B4F-CE8E-47D0-9C30-560AD630A74A}.Debug|Win32.ActiveCfg = Debug|Any CPU
		{0B406B4F-CE8E-47D0-9C30-560AD630A74A}.Debug|Win32.Build.0 = Debug|Any CPU
		{0B406B4F-CE8E-47D0-9C30-560AD630A74A}.Debug|x64.ActiveCfg = Debug|Any CPU
		{0B406B4F-CE8E-47D0-9C30-560AD630A74A}.Debug|x64.Build.0 = Debug|Any CPU
		{0B406B4F-CE8E-47D0-9C30-560AD630A74A}.Debug|x86.ActiveCfg = Debug|Any CPU
		{0B406B4F-CE8E-47D0-9C30-560AD630A74A}.Debug|x86.Build.0 = Debug|Any CPU
		{0B406B4F-CE8E-47D0-9C30-560AD630A74A}.Release|Any CPU.ActiveCfg = Release|Any CPU
		{0B406B4F-CE8E-47D0-9C30-560AD630A74A}.Release|Any CPU.Build.0 = Release|Any CPU
		{0B406B4F-CE8E-47D0-9C30-560AD630A74A}.Release|Win32.ActiveCfg = Release|Any CPU
		{0B406B4F-CE8E-47D0-9C30-560AD630A74A}.Release|Win32.Build.0 = Release|Any CPU
		{0B406B4F-CE8E-47D0-9C30-560AD630A74A}.Release|x64.ActiveCfg = Release|Any CPU
		{0B406B4F-CE8E-47D0-9C30-560AD630A74A}.Release|x64.Build.0 = Release|Any CPU
		{0B406B4F-CE8E-47D0-9C30-560AD630A74A}.Release|x86.ActiveCfg = Release|Any CPU
		{0B406B4F-CE8E-47D0-9C30-560AD630A74A}.Release|x86.Build.0 = Release|Any CPU
	EndGlobalSection
	GlobalSection(SolutionProperties) = preSolution
		HideSolutionNode = FALSE
	EndGlobalSection
EndGlobal
